
Microsoft Visual Studio Solution File, Format Version 12.00
# Visual Studio Version 16
VisualStudioVersion = 16.0.30804.86
MinimumVisualStudioVersion = 10.0.40219.1
Project("{9A19103F-16F7-4668-BE54-9A1E7A4F7556}") = "ProjectEuler", "ProjectEuler\ProjectEuler.csproj", "{431C20AE-F738-4F71-B96C-C7766BE56D60}"
EndProject
Project("{FAE04EC0-301F-11D3-BF4B-00C04F79EFBC}") = "Testing", "Testing\Testing.csproj", "{4CF7CA3E-7218-49D6-8392-DCA86E549D2C}"
EndProject
Global
	GlobalSection(SolutionConfigurationPlatforms) = preSolution
		Debug|Any CPU = Debug|Any CPU
		Release|Any CPU = Release|Any CPU
	EndGlobalSection
	GlobalSection(ProjectConfigurationPlatforms) = postSolution
		{431C20AE-F738-4F71-B96C-C7766BE56D60}.Debug|Any CPU.ActiveCfg = Debug|Any CPU
		{431C20AE-F738-4F71-B96C-C7766BE56D60}.Debug|Any CPU.Build.0 = Debug|Any CPU
		{431C20AE-F738-4F71-B96C-C7766BE56D60}.Release|Any CPU.ActiveCfg = Release|Any CPU
		{431C20AE-F738-4F71-B96C-C7766BE56D60}.Release|Any CPU.Build.0 = Release|Any CPU
		{4CF7CA3E-7218-49D6-8392-DCA86E549D2C}.Debug|Any CPU.ActiveCfg = Debug|Any CPU
		{4CF7CA3E-7218-49D6-8392-DCA86E549D2C}.Debug|Any CPU.Build.0 = Debug|Any CPU
		{4CF7CA3E-7218-49D6-8392-DCA86E549D2C}.Release|Any CPU.ActiveCfg = Release|Any CPU
		{4CF7CA3E-7218-49D6-8392-DCA86E549D2C}.Release|Any CPU.Build.0 = Release|Any CPU
	EndGlobalSection
	GlobalSection(SolutionProperties) = preSolution
		HideSolutionNode = FALSE
	EndGlobalSection
	GlobalSection(ExtensibilityGlobals) = postSolution
		SolutionGuid = {20A35670-0AB4-4867-A16A-4BE4530AA061}
	EndGlobalSection
EndGlobal
